
Microsoft Visual Studio Solution File, Format Version 12.00
# Visual Studio Version 17
VisualStudioVersion = 17.8.34511.84
MinimumVisualStudioVersion = 10.0.40219.1
Project("{9A19103F-16F7-4668-BE54-9A1E7A4F7556}") = "TheDebtBook", "TheDebtBook\TheDebtBook.csproj", "{E54933D5-2078-491A-BD8F-664210A9293B}"
EndProject
Project("{2150E333-8FDC-42A3-9474-1A3956D46DE8}") = "Solution Items", "Solution Items", "{6EDB5B12-C1BD-4FDB-9778-565D7BDA78CE}"
	ProjectSection(SolutionItems) = preProject
		.gitignore = .gitignore
	EndProjectSection
EndProject
Global
	GlobalSection(SolutionConfigurationPlatforms) = preSolution
		Debug|Any CPU = Debug|Any CPU
		Release|Any CPU = Release|Any CPU
	EndGlobalSection
	GlobalSection(ProjectConfigurationPlatforms) = postSolution
		{E54933D5-2078-491A-BD8F-664210A9293B}.Debug|Any CPU.ActiveCfg = Debug|Any CPU
		{E54933D5-2078-491A-BD8F-664210A9293B}.Debug|Any CPU.Build.0 = Debug|Any CPU
		{E54933D5-2078-491A-BD8F-664210A9293B}.Debug|Any CPU.Deploy.0 = Debug|Any CPU
		{E54933D5-2078-491A-BD8F-664210A9293B}.Release|Any CPU.ActiveCfg = Release|Any CPU
		{E54933D5-2078-491A-BD8F-664210A9293B}.Release|Any CPU.Build.0 = Release|Any CPU
		{E54933D5-2078-491A-BD8F-664210A9293B}.Release|Any CPU.Deploy.0 = Release|Any CPU
	EndGlobalSection
	GlobalSection(SolutionProperties) = preSolution
		HideSolutionNode = FALSE
	EndGlobalSection
	GlobalSection(ExtensibilityGlobals) = postSolution
		SolutionGuid = {E14545F3-61EA-40DE-AA84-110845CB6D10}
	EndGlobalSection
EndGlobal
